
Microsoft Visual Studio Solution File, Format Version 12.00
# Visual Studio Version 17
VisualStudioVersion = 17.9.34728.123
MinimumVisualStudioVersion = 10.0.40219.1
Project("{9A19103F-16F7-4668-BE54-9A1E7A4F7556}") = "CarPricePrediction.Module", "CarPricePrediction.Module\CarPricePrediction.Module.csproj", "{98F60279-9B88-4815-A87C-62D15512B323}"
EndProject
Project("{9A19103F-16F7-4668-BE54-9A1E7A4F7556}") = "CarPricePrediction.Blazor.Server", "CarPricePrediction.Blazor.Server\CarPricePrediction.Blazor.Server.csproj", "{8FC754C4-569C-474B-A5AD-30CFAC87CFA5}"
EndProject
Global
	GlobalSection(SolutionConfigurationPlatforms) = preSolution
		Debug|Any CPU = Debug|Any CPU
		EasyTest|Any CPU = EasyTest|Any CPU
		Release|Any CPU = Release|Any CPU
	EndGlobalSection
	GlobalSection(ProjectConfigurationPlatforms) = postSolution
		{98F60279-9B88-4815-A87C-62D15512B323}.Debug|Any CPU.ActiveCfg = Debug|Any CPU
		{98F60279-9B88-4815-A87C-62D15512B323}.Debug|Any CPU.Build.0 = Debug|Any CPU
		{98F60279-9B88-4815-A87C-62D15512B323}.EasyTest|Any CPU.ActiveCfg = EasyTest|Any CPU
		{98F60279-9B88-4815-A87C-62D15512B323}.EasyTest|Any CPU.Build.0 = EasyTest|Any CPU
		{98F60279-9B88-4815-A87C-62D15512B323}.Release|Any CPU.ActiveCfg = Release|Any CPU
		{98F60279-9B88-4815-A87C-62D15512B323}.Release|Any CPU.Build.0 = Release|Any CPU
		{8FC754C4-569C-474B-A5AD-30CFAC87CFA5}.Debug|Any CPU.ActiveCfg = Debug|Any CPU
		{8FC754C4-569C-474B-A5AD-30CFAC87CFA5}.Debug|Any CPU.Build.0 = Debug|Any CPU
		{8FC754C4-569C-474B-A5AD-30CFAC87CFA5}.EasyTest|Any CPU.ActiveCfg = EasyTest|Any CPU
		{8FC754C4-569C-474B-A5AD-30CFAC87CFA5}.EasyTest|Any CPU.Build.0 = EasyTest|Any CPU
		{8FC754C4-569C-474B-A5AD-30CFAC87CFA5}.Release|Any CPU.ActiveCfg = Release|Any CPU
		{8FC754C4-569C-474B-A5AD-30CFAC87CFA5}.Release|Any CPU.Build.0 = Release|Any CPU
	EndGlobalSection
	GlobalSection(SolutionProperties) = preSolution
		HideSolutionNode = FALSE
	EndGlobalSection
	GlobalSection(ExtensibilityGlobals) = postSolution
		SolutionGuid = {1C44D63E-AA68-4721-ACC3-F9395B7C1DAC}
	EndGlobalSection
EndGlobal
